
Microsoft Visual Studio Solution File, Format Version 12.00
# Visual Studio Version 16
VisualStudioVersion = 16.0.31729.503
MinimumVisualStudioVersion = 10.0.40219.1
Project("{9A19103F-16F7-4668-BE54-9A1E7A4F7556}") = "auxmic", "auxmic\auxmic.csproj", "{743DCA1A-A389-45FE-A3E3-6A2FE96C9A67}"
EndProject
Project("{2150E333-8FDC-42A3-9474-1A3956D46DE8}") = "uml", "uml", "{5D54FC0E-12C0-4529-AE52-27AEFBD4E1B6}"
	ProjectSection(SolutionItems) = preProject
		auxmic\uml\auxmic.png = auxmic\uml\auxmic.png
		auxmic\uml\auxmic.umlj = auxmic\uml\auxmic.umlj
	EndProjectSection
EndProject
Project("{9A19103F-16F7-4668-BE54-9A1E7A4F7556}") = "TestProject", "TestProject\TestProject.csproj", "{156DCEEF-900F-483D-8822-CC3BDAB055B9}"
EndProject
Project("{2150E333-8FDC-42A3-9474-1A3956D46DE8}") = "Solution Items", "Solution Items", "{168D6492-0593-48F4-AB63-13E94E54E606}"
	ProjectSection(SolutionItems) = preProject
		auxmic.vsmdi = auxmic.vsmdi
		Local.testsettings = Local.testsettings
		TraceAndTestImpact.testsettings = TraceAndTestImpact.testsettings
	EndProjectSection
EndProject
Project("{9A19103F-16F7-4668-BE54-9A1E7A4F7556}") = "auxmic.ui", "auxmic.ui\auxmic.ui.csproj", "{24FD5E19-CEEC-4E68-BE14-33DE34573B13}"
EndProject
Global
	GlobalSection(SolutionConfigurationPlatforms) = preSolution
		Debug|Any CPU = Debug|Any CPU
		Debug|Mixed Platforms = Debug|Mixed Platforms
		Debug|x86 = Debug|x86
		Release|Any CPU = Release|Any CPU
		Release|Mixed Platforms = Release|Mixed Platforms
		Release|x86 = Release|x86
	EndGlobalSection
	GlobalSection(ProjectConfigurationPlatforms) = postSolution
		{743DCA1A-A389-45FE-A3E3-6A2FE96C9A67}.Debug|Any CPU.ActiveCfg = Debug|Any CPU
		{743DCA1A-A389-45FE-A3E3-6A2FE96C9A67}.Debug|Any CPU.Build.0 = Debug|Any CPU
		{743DCA1A-A389-45FE-A3E3-6A2FE96C9A67}.Debug|Mixed Platforms.ActiveCfg = Debug|Any CPU
		{743DCA1A-A389-45FE-A3E3-6A2FE96C9A67}.Debug|Mixed Platforms.Build.0 = Debug|Any CPU
		{743DCA1A-A389-45FE-A3E3-6A2FE96C9A67}.Debug|x86.ActiveCfg = Debug|Any CPU
		{743DCA1A-A389-45FE-A3E3-6A2FE96C9A67}.Debug|x86.Build.0 = Debug|Any CPU
		{743DCA1A-A389-45FE-A3E3-6A2FE96C9A67}.Release|Any CPU.ActiveCfg = Release|Any CPU
		{743DCA1A-A389-45FE-A3E3-6A2FE96C9A67}.Release|Any CPU.Build.0 = Release|Any CPU
		{743DCA1A-A389-45FE-A3E3-6A2FE96C9A67}.Release|Mixed Platforms.ActiveCfg = Release|Any CPU
		{743DCA1A-A389-45FE-A3E3-6A2FE96C9A67}.Release|Mixed Platforms.Build.0 = Release|Any CPU
		{743DCA1A-A389-45FE-A3E3-6A2FE96C9A67}.Release|x86.ActiveCfg = Release|Any CPU
		{743DCA1A-A389-45FE-A3E3-6A2FE96C9A67}.Release|x86.Build.0 = Release|Any CPU
		{156DCEEF-900F-483D-8822-CC3BDAB055B9}.Debug|Any CPU.ActiveCfg = Debug|Any CPU
		{156DCEEF-900F-483D-8822-CC3BDAB055B9}.Debug|Any CPU.Build.0 = Debug|Any CPU
		{156DCEEF-900F-483D-8822-CC3BDAB055B9}.Debug|Mixed Platforms.ActiveCfg = Debug|Any CPU
		{156DCEEF-900F-483D-8822-CC3BDAB055B9}.Debug|Mixed Platforms.Build.0 = Debug|Any CPU
		{156DCEEF-900F-483D-8822-CC3BDAB055B9}.Debug|x86.ActiveCfg = Debug|Any CPU
		{156DCEEF-900F-483D-8822-CC3BDAB055B9}.Release|Any CPU.ActiveCfg = Release|Any CPU
		{156DCEEF-900F-483D-8822-CC3BDAB055B9}.Release|Any CPU.Build.0 = Release|Any CPU
		{156DCEEF-900F-483D-8822-CC3BDAB055B9}.Release|Mixed Platforms.ActiveCfg = Release|Any CPU
		{156DCEEF-900F-483D-8822-CC3BDAB055B9}.Release|Mixed Platforms.Build.0 = Release|Any CPU
		{156DCEEF-900F-483D-8822-CC3BDAB055B9}.Release|x86.ActiveCfg = Release|Any CPU
		{24FD5E19-CEEC-4E68-BE14-33DE34573B13}.Debug|Any CPU.ActiveCfg = Debug|Any CPU
		{24FD5E19-CEEC-4E68-BE14-33DE34573B13}.Debug|Any CPU.Build.0 = Debug|Any CPU
		{24FD5E19-CEEC-4E68-BE14-33DE34573B13}.Debug|Any CPU.Deploy.0 = Debug|Any CPU
		{24FD5E19-CEEC-4E68-BE14-33DE34573B13}.Debug|Mixed Platforms.ActiveCfg = Debug|Any CPU
		{24FD5E19-CEEC-4E68-BE14-33DE34573B13}.Debug|Mixed Platforms.Build.0 = Debug|Any CPU
		{24FD5E19-CEEC-4E68-BE14-33DE34573B13}.Debug|x86.ActiveCfg = Debug|Any CPU
		{24FD5E19-CEEC-4E68-BE14-33DE34573B13}.Debug|x86.Build.0 = Debug|Any CPU
		{24FD5E19-CEEC-4E68-BE14-33DE34573B13}.Release|Any CPU.ActiveCfg = Release|Any CPU
		{24FD5E19-CEEC-4E68-BE14-33DE34573B13}.Release|Any CPU.Build.0 = Release|Any CPU
		{24FD5E19-CEEC-4E68-BE14-33DE34573B13}.Release|Mixed Platforms.ActiveCfg = Release|Any CPU
		{24FD5E19-CEEC-4E68-BE14-33DE34573B13}.Release|Mixed Platforms.Build.0 = Release|Any CPU
		{24FD5E19-CEEC-4E68-BE14-33DE34573B13}.Release|x86.ActiveCfg = Release|Any CPU
		{24FD5E19-CEEC-4E68-BE14-33DE34573B13}.Release|x86.Build.0 = Release|Any CPU
	EndGlobalSection
	GlobalSection(SolutionProperties) = preSolution
		HideSolutionNode = FALSE
	EndGlobalSection
	GlobalSection(ExtensibilityGlobals) = postSolution
		SolutionGuid = {7C21B61A-597A-4189-A63D-8137C2A1CBDC}
	EndGlobalSection
	GlobalSection(TestCaseManagementSettings) = postSolution
		CategoryFile = auxmic.vsmdi
	EndGlobalSection
EndGlobal
